// !$*UTF8*$!
{
	archiveVersion = 1;
	classes = {
	};
	objectVersion = 46;
	objects = {

/* Begin PBXBuildFile section */
		59CA11A71E5DB14B00C79056 /* SearchResultCell.xib in Resources */ = {isa = PBXBuildFile; fileRef = 59CA11A61E5DB14B00C79056 /* SearchResultCell.xib */; };
		59CA11A91E5DB6E000C79056 /* SearchResultCell.swift in Sources */ = {isa = PBXBuildFile; fileRef = 59CA11A81E5DB6E000C79056 /* SearchResultCell.swift */; };
		59CA11AB1E5DBB0E00C79056 /* NothingFoundCell.xib in Resources */ = {isa = PBXBuildFile; fileRef = 59CA11AA1E5DBB0E00C79056 /* NothingFoundCell.xib */; };
		59FB99BB1E5C8B70006B998E /* AppDelegate.swift in Sources */ = {isa = PBXBuildFile; fileRef = 59FB99BA1E5C8B70006B998E /* AppDelegate.swift */; };
		59FB99BD1E5C8B70006B998E /* SearchViewController.swift in Sources */ = {isa = PBXBuildFile; fileRef = 59FB99BC1E5C8B70006B998E /* SearchViewController.swift */; };
		59FB99C01E5C8B70006B998E /* Main.storyboard in Resources */ = {isa = PBXBuildFile; fileRef = 59FB99BE1E5C8B70006B998E /* Main.storyboard */; };
		59FB99C21E5C8B70006B998E /* Assets.xcassets in Resources */ = {isa = PBXBuildFile; fileRef = 59FB99C11E5C8B70006B998E /* Assets.xcassets */; };
		59FB99C51E5C8B70006B998E /* LaunchScreen.storyboard in Resources */ = {isa = PBXBuildFile; fileRef = 59FB99C31E5C8B70006B998E /* LaunchScreen.storyboard */; };
		59FB99CD1E5C9DA2006B998E /* SearchResult.swift in Sources */ = {isa = PBXBuildFile; fileRef = 59FB99CC1E5C9DA2006B998E /* SearchResult.swift */; };
/* End PBXBuildFile section */

/* Begin PBXFileReference section */
		59CA11A61E5DB14B00C79056 /* SearchResultCell.xib */ = {isa = PBXFileReference; fileEncoding = 4; lastKnownFileType = file.xib; path = SearchResultCell.xib; sourceTree = "<group>"; };
		59CA11A81E5DB6E000C79056 /* SearchResultCell.swift */ = {isa = PBXFileReference; fileEncoding = 4; lastKnownFileType = sourcecode.swift; path = SearchResultCell.swift; sourceTree = "<group>"; };
		59CA11AA1E5DBB0E00C79056 /* NothingFoundCell.xib */ = {isa = PBXFileReference; fileEncoding = 4; lastKnownFileType = file.xib; path = NothingFoundCell.xib; sourceTree = "<group>"; };
		59FB99B71E5C8B70006B998E /* StoreSearch.app */ = {isa = PBXFileReference; explicitFileType = wrapper.application; includeInIndex = 0; path = StoreSearch.app; sourceTree = BUILT_PRODUCTS_DIR; };
		59FB99BA1E5C8B70006B998E /* AppDelegate.swift */ = {isa = PBXFileReference; lastKnownFileType = sourcecode.swift; path = AppDelegate.swift; sourceTree = "<group>"; };
		59FB99BC1E5C8B70006B998E /* SearchViewController.swift */ = {isa = PBXFileReference; lastKnownFileType = sourcecode.swift; path = SearchViewController.swift; sourceTree = "<group>"; };
		59FB99BF1E5C8B70006B998E /* Base */ = {isa = PBXFileReference; lastKnownFileType = file.storyboard; name = Base; path = Base.lproj/Main.storyboard; sourceTree = "<group>"; };
		59FB99C11E5C8B70006B998E /* Assets.xcassets */ = {isa = PBXFileReference; lastKnownFileType = folder.assetcatalog; path = Assets.xcassets; sourceTree = "<group>"; };
		59FB99C41E5C8B70006B998E /* Base */ = {isa = PBXFileReference; lastKnownFileType = file.storyboard; name = Base; path = Base.lproj/LaunchScreen.storyboard; sourceTree = "<group>"; };
		59FB99C61E5C8B70006B998E /* Info.plist */ = {isa = PBXFileReference; lastKnownFileType = text.plist.xml; path = Info.plist; sourceTree = "<group>"; };
		59FB99CC1E5C9DA2006B998E /* SearchResult.swift */ = {isa = PBXFileReference; fileEncoding = 4; lastKnownFileType = sourcecode.swift; path = SearchResult.swift; sourceTree = "<group>"; };
/* End PBXFileReference section */

/* Begin PBXFrameworksBuildPhase section */
		59FB99B41E5C8B70006B998E /* Frameworks */ = {
			isa = PBXFrameworksBuildPhase;
			buildActionMask = 2147483647;
			files = (
			);
			runOnlyForDeploymentPostprocessing = 0;
		};
/* End PBXFrameworksBuildPhase section */

/* Begin PBXGroup section */
		59FB99AE1E5C8B70006B998E = {
			isa = PBXGroup;
			children = (
				59FB99B91E5C8B70006B998E /* StoreSearch */,
				59FB99B81E5C8B70006B998E /* Products */,
			);
			sourceTree = "<group>";
		};
		59FB99B81E5C8B70006B998E /* Products */ = {
			isa = PBXGroup;
			children = (
				59FB99B71E5C8B70006B998E /* StoreSearch.app */,
			);
			name = Products;
			sourceTree = "<group>";
		};
		59FB99B91E5C8B70006B998E /* StoreSearch */ = {
			isa = PBXGroup;
			children = (
				59FB99BA1E5C8B70006B998E /* AppDelegate.swift */,
				59FB99BC1E5C8B70006B998E /* SearchViewController.swift */,
				59FB99BE1E5C8B70006B998E /* Main.storyboard */,
				59FB99C11E5C8B70006B998E /* Assets.xcassets */,
				59FB99C31E5C8B70006B998E /* LaunchScreen.storyboard */,
				59FB99C61E5C8B70006B998E /* Info.plist */,
				59FB99CC1E5C9DA2006B998E /* SearchResult.swift */,
				59CA11A61E5DB14B00C79056 /* SearchResultCell.xib */,
				59CA11A81E5DB6E000C79056 /* SearchResultCell.swift */,
				59CA11AA1E5DBB0E00C79056 /* NothingFoundCell.xib */,
			);
			path = StoreSearch;
			sourceTree = "<group>";
		};
/* End PBXGroup section */

/* Begin PBXNativeTarget section */
		59FB99B61E5C8B70006B998E /* StoreSearch */ = {
			isa = PBXNativeTarget;
			buildConfigurationList = 59FB99C91E5C8B70006B998E /* Build configuration list for PBXNativeTarget "StoreSearch" */;
			buildPhases = (
				59FB99B31E5C8B70006B998E /* Sources */,
				59FB99B41E5C8B70006B998E /* Frameworks */,
				59FB99B51E5C8B70006B998E /* Resources */,
			);
			buildRules = (
			);
			dependencies = (
			);
			name = StoreSearch;
			productName = StoreSearch;
			productReference = 59FB99B71E5C8B70006B998E /* StoreSearch.app */;
			productType = "com.apple.product-type.application";
		};
/* End PBXNativeTarget section */

/* Begin PBXProject section */
		59FB99AF1E5C8B70006B998E /* Project object */ = {
			isa = PBXProject;
			attributes = {
				LastSwiftUpdateCheck = 0820;
				LastUpgradeCheck = 0820;
				ORGANIZATIONNAME = "Eugene Uskov";
				TargetAttributes = {
					59FB99B61E5C8B70006B998E = {
						CreatedOnToolsVersion = 8.2.1;
						DevelopmentTeam = JG6XLKQWPB;
						ProvisioningStyle = Automatic;
					};
				};
			};
			buildConfigurationList = 59FB99B21E5C8B70006B998E /* Build configuration list for PBXProject "StoreSearch" */;
			compatibilityVersion = "Xcode 3.2";
			developmentRegion = English;
			hasScannedForEncodings = 0;
			knownRegions = (
				en,
				Base,
			);
			mainGroup = 59FB99AE1E5C8B70006B998E;
			productRefGroup = 59FB99B81E5C8B70006B998E /* Products */;
			projectDirPath = "";
			projectRoot = "";
			targets = (
				59FB99B61E5C8B70006B998E /* StoreSearch */,
			);
		};
/* End PBXProject section */

/* Begin PBXResourcesBuildPhase section */
		59FB99B51E5C8B70006B998E /* Resources */ = {
			isa = PBXResourcesBuildPhase;
			buildActionMask = 2147483647;
			files = (
				59FB99C51E5C8B70006B998E /* LaunchScreen.storyboard in Resources */,
				59FB99C21E5C8B70006B998E /* Assets.xcassets in Resources */,
				59CA11A71E5DB14B00C79056 /* SearchResultCell.xib in Resources */,
				59CA11AB1E5DBB0E00C79056 /* NothingFoundCell.xib in Resources */,
				59FB99C01E5C8B70006B998E /* Main.storyboard in Resources */,
			);
			runOnlyForDeploymentPostprocessing = 0;
		};
/* End PBXResourcesBuildPhase section */

/* Begin PBXSourcesBuildPhase section */
		59FB99B31E5C8B70006B998E /* Sources */ = {
			isa = PBXSourcesBuildPhase;
			buildActionMask = 2147483647;
			files = (
				59FB99BD1E5C8B70006B998E /* SearchViewController.swift in Sources */,
				59FB99CD1E5C9DA2006B998E /* SearchResult.swift in Sources */,
				59CA11A91E5DB6E000C79056 /* SearchResultCell.swift in Sources */,
				59FB99BB1E5C8B70006B998E /* AppDelegate.swift in Sources */,
			);
			runOnlyForDeploymentPostprocessing = 0;
		};
/* End PBXSourcesBuildPhase section */

/* Begin PBXVariantGroup section */
		59FB99BE1E5C8B70006B998E /* Main.storyboard */ = {
			isa = PBXVariantGroup;
			children = (
				59FB99BF1E5C8B70006B998E /* Base */,
			);
			name = Main.storyboard;
			sourceTree = "<group>";
		};
		59FB99C31E5C8B70006B998E /* LaunchScreen.storyboard */ = {
			isa = PBXVariantGroup;
			children = (
				59FB99C41E5C8B70006B998E /* Base */,
			);
			name = LaunchScreen.storyboard;
			sourceTree = "<group>";
		};
/* End PBXVariantGroup section */

/* Begin XCBuildConfiguration section */
		59FB99C71E5C8B70006B998E /* Debug */ = {
			isa = XCBuildConfiguration;
			buildSettings = {
				ALWAYS_SEARCH_USER_PATHS = NO;
				CLANG_ANALYZER_NONNULL = YES;
				CLANG_CXX_LANGUAGE_STANDARD = "gnu++0x";
				CLANG_CXX_LIBRARY = "libc++";
				CLANG_ENABLE_MODULES = YES;
				CLANG_ENABLE_OBJC_ARC = YES;
				CLANG_WARN_BOOL_CONVERSION = YES;
				CLANG_WARN_CONSTANT_CONVERSION = YES;
				CLANG_WARN_DIRECT_OBJC_ISA_USAGE = YES_ERROR;
				CLANG_WARN_DOCUMENTATION_COMMENTS = YES;
				CLANG_WARN_EMPTY_BODY = YES;
				CLANG_WARN_ENUM_CONVERSION = YES;
				CLANG_WARN_INFINITE_RECURSION = YES;
				CLANG_WARN_INT_CONVERSION = YES;
				CLANG_WARN_OBJC_ROOT_CLASS = YES_ERROR;
				CLANG_WARN_SUSPICIOUS_MOVE = YES;
				CLANG_WARN_UNREACHABLE_CODE = YES;
				CLANG_WARN__DUPLICATE_METHOD_MATCH = YES;
				"CODE_SIGN_IDENTITY[sdk=iphoneos*]" = "iPhone Developer";
				COPY_PHASE_STRIP = NO;
				DEBUG_INFORMATION_FORMAT = dwarf;
				ENABLE_STRICT_OBJC_MSGSEND = YES;
				ENABLE_TESTABILITY = YES;
				GCC_C_LANGUAGE_STANDARD = gnu99;
				GCC_DYNAMIC_NO_PIC = NO;
				GCC_NO_COMMON_BLOCKS = YES;
				GCC_OPTIMIZATION_LEVEL = 0;
				GCC_PREPROCESSOR_DEFINITIONS = (
					"DEBUG=1",
					"$(inherited)",
				);
				GCC_WARN_64_TO_32_BIT_CONVERSION = YES;
				GCC_WARN_ABOUT_RETURN_TYPE = YES_ERROR;
				GCC_WARN_UNDECLARED_SELECTOR = YES;
				GCC_WARN_UNINITIALIZED_AUTOS = YES_AGGRESSIVE;
				GCC_WARN_UNUSED_FUNCTION = YES;
				GCC_WARN_UNUSED_VARIABLE = YES;
				IPHONEOS_DEPLOYMENT_TARGET = 10.2;
				MTL_ENABLE_DEBUG_INFO = YES;
				ONLY_ACTIVE_ARCH = YES;
				SDKROOT = iphoneos;
				SWIFT_ACTIVE_COMPILATION_CONDITIONS = DEBUG;
				SWIFT_OPTIMIZATION_LEVEL = "-Onone";
			};
			name = Debug;
		};
		59FB99C81E5C8B70006B998E /* Release */ = {
			isa = XCBuildConfiguration;
			buildSettings = {
				ALWAYS_SEARCH_USER_PATHS = NO;
				CLANG_ANALYZER_NONNULL = YES;
				CLANG_CXX_LANGUAGE_STANDARD = "gnu++0x";
				CLANG_CXX_LIBRARY = "libc++";
				CLANG_ENABLE_MODULES = YES;
				CLANG_ENABLE_OBJC_ARC = YES;
				CLANG_WARN_BOOL_CONVERSION = YES;
				CLANG_WARN_CONSTANT_CONVERSION = YES;
				CLANG_WARN_DIRECT_OBJC_ISA_USAGE = YES_ERROR;
				CLANG_WARN_DOCUMENTATION_COMMENTS = YES;
				CLANG_WARN_EMPTY_BODY = YES;
				CLANG_WARN_ENUM_CONVERSION = YES;
				CLANG_WARN_INFINITE_RECURSION = YES;
				CLANG_WARN_INT_CONVERSION = YES;
				CLANG_WARN_OBJC_ROOT_CLASS = YES_ERROR;
				CLANG_WARN_SUSPICIOUS_MOVE = YES;
				CLANG_WARN_UNREACHABLE_CODE = YES;
				CLANG_WARN__DUPLICATE_METHOD_MATCH = YES;
				"CODE_SIGN_IDENTITY[sdk=iphoneos*]" = "iPhone Developer";
				COPY_PHASE_STRIP = NO;
				DEBUG_INFORMATION_FORMAT = "dwarf-with-dsym";
				ENABLE_NS_ASSERTIONS = NO;
				ENABLE_STRICT_OBJC_MSGSEND = YES;
				GCC_C_LANGUAGE_STANDARD = gnu99;
				GCC_NO_COMMON_BLOCKS = YES;
				GCC_WARN_64_TO_32_BIT_CONVERSION = YES;
				GCC_WARN_ABOUT_RETURN_TYPE = YES_ERROR;
				GCC_WARN_UNDECLARED_SELECTOR = YES;
				GCC_WARN_UNINITIALIZED_AUTOS = YES_AGGRESSIVE;
				GCC_WARN_UNUSED_FUNCTION = YES;
				GCC_WARN_UNUSED_VARIABLE = YES;
				IPHONEOS_DEPLOYMENT_TARGET = 10.2;
				MTL_ENABLE_DEBUG_INFO = NO;
				SDKROOT = iphoneos;
				SWIFT_OPTIMIZATION_LEVEL = "-Owholemodule";
				VALIDATE_PRODUCT = YES;
			};
			name = Release;
		};
		59FB99CA1E5C8B70006B998E /* Debug */ = {
			isa = XCBuildConfiguration;
			buildSettings = {
				ASSETCATALOG_COMPILER_APPICON_NAME = AppIcon;
				DEVELOPMENT_TEAM = JG6XLKQWPB;
				INFOPLIST_FILE = StoreSearch/Info.plist;
				LD_RUNPATH_SEARCH_PATHS = "$(inherited) @executable_path/Frameworks";
				PRODUCT_BUNDLE_IDENTIFIER = "Eugene-Uskov.StoreSearch";
				PRODUCT_NAME = "$(TARGET_NAME)";
				SWIFT_VERSION = 3.0;
			};
			name = Debug;
		};
		59FB99CB1E5C8B70006B998E /* Release */ = {
			isa = XCBuildConfiguration;
			buildSettings = {
				ASSETCATALOG_COMPILER_APPICON_NAME = AppIcon;
				DEVELOPMENT_TEAM = JG6XLKQWPB;
				INFOPLIST_FILE = StoreSearch/Info.plist;
				LD_RUNPATH_SEARCH_PATHS = "$(inherited) @executable_path/Frameworks";
				PRODUCT_BUNDLE_IDENTIFIER = "Eugene-Uskov.StoreSearch";
				PRODUCT_NAME = "$(TARGET_NAME)";
				SWIFT_VERSION = 3.0;
			};
			name = Release;
		};
/* End XCBuildConfiguration section */

/* Begin XCConfigurationList section */
		59FB99B21E5C8B70006B998E /* Build configuration list for PBXProject "StoreSearch" */ = {
			isa = XCConfigurationList;
			buildConfigurations = (
				59FB99C71E5C8B70006B998E /* Debug */,
				59FB99C81E5C8B70006B998E /* Release */,
			);
			defaultConfigurationIsVisible = 0;
			defaultConfigurationName = Release;
		};
		59FB99C91E5C8B70006B998E /* Build configuration list for PBXNativeTarget "StoreSearch" */ = {
			isa = XCConfigurationList;
			buildConfigurations = (
				59FB99CA1E5C8B70006B998E /* Debug */,
				59FB99CB1E5C8B70006B998E /* Release */,
			);
			defaultConfigurationIsVisible = 0;
			defaultConfigurationName = Release;
		};
/* End XCConfigurationList section */
	};
	rootObject = 59FB99AF1E5C8B70006B998E /* Project object */;
}
